
Microsoft Visual Studio Solution File, Format Version 12.00
# Visual Studio Version 16
VisualStudioVersion = 16.0.30204.135
MinimumVisualStudioVersion = 10.0.40219.1
Project("{FAE04EC0-301F-11D3-BF4B-00C04F79EFBC}") = "Parity.Substrate.EnterpriseSample.Android", "Parity.Substrate.EnterpriseSample.Android\Parity.Substrate.EnterpriseSample.Android.csproj", "{5759EAA4-51A1-45E9-B21A-9DE2F3A1A171}"
EndProject
Project("{FAE04EC0-301F-11D3-BF4B-00C04F79EFBC}") = "Parity.Substrate.EnterpriseSample", "Parity.Substrate.EnterpriseSample\Parity.Substrate.EnterpriseSample.csproj", "{C81D115F-7C5B-4E6D-A25C-F776078285F3}"
EndProject
Global
	GlobalSection(SolutionConfigurationPlatforms) = preSolution
		Debug|Any CPU = Debug|Any CPU
		Release|Any CPU = Release|Any CPU
	EndGlobalSection
	GlobalSection(ProjectConfigurationPlatforms) = postSolution
		{5759EAA4-51A1-45E9-B21A-9DE2F3A1A171}.Debug|Any CPU.ActiveCfg = Debug|Any CPU
		{5759EAA4-51A1-45E9-B21A-9DE2F3A1A171}.Debug|Any CPU.Build.0 = Debug|Any CPU
		{5759EAA4-51A1-45E9-B21A-9DE2F3A1A171}.Debug|Any CPU.Deploy.0 = Debug|Any CPU
		{5759EAA4-51A1-45E9-B21A-9DE2F3A1A171}.Release|Any CPU.ActiveCfg = Release|Any CPU
		{5759EAA4-51A1-45E9-B21A-9DE2F3A1A171}.Release|Any CPU.Build.0 = Release|Any CPU
		{5759EAA4-51A1-45E9-B21A-9DE2F3A1A171}.Release|Any CPU.Deploy.0 = Release|Any CPU
		{C81D115F-7C5B-4E6D-A25C-F776078285F3}.Debug|Any CPU.ActiveCfg = Debug|Any CPU
		{C81D115F-7C5B-4E6D-A25C-F776078285F3}.Debug|Any CPU.Build.0 = Debug|Any CPU
		{C81D115F-7C5B-4E6D-A25C-F776078285F3}.Debug|Any CPU.Deploy.0 = Debug|Any CPU
		{C81D115F-7C5B-4E6D-A25C-F776078285F3}.Release|Any CPU.ActiveCfg = Release|Any CPU
		{C81D115F-7C5B-4E6D-A25C-F776078285F3}.Release|Any CPU.Build.0 = Release|Any CPU
		{C81D115F-7C5B-4E6D-A25C-F776078285F3}.Release|Any CPU.Deploy.0 = Release|Any CPU
	EndGlobalSection
	GlobalSection(SolutionProperties) = preSolution
		HideSolutionNode = FALSE
	EndGlobalSection
	GlobalSection(ExtensibilityGlobals) = postSolution
		SolutionGuid = {E234AE06-9C8E-4309-B94C-19607724AD2E}
	EndGlobalSection
EndGlobal
